
Microsoft Visual Studio Solution File, Format Version 12.00
# Visual Studio Version 16
VisualStudioVersion = 16.0.30523.141
MinimumVisualStudioVersion = 10.0.40219.1
Project("{9A19103F-16F7-4668-BE54-9A1E7A4F7556}") = "SalesSystem", "SalesSystem\SalesSystem.csproj", "{ED39F916-2220-4D38-A1DA-2A55A7445E47}"
EndProject
Project("{9A19103F-16F7-4668-BE54-9A1E7A4F7556}") = "SalesSystem.BLL", "SalesSystem.BLL\SalesSystem.BLL.csproj", "{40F69DFD-1BD5-4D94-B2C0-9FBF5A138B10}"
EndProject
Project("{9A19103F-16F7-4668-BE54-9A1E7A4F7556}") = "SalesSystem.DAL", "SalesSystem.DAL\SalesSystem.DAL.csproj", "{0788F7C8-86FD-42BC-BC78-C6264F994586}"
EndProject
Project("{FAE04EC0-301F-11D3-BF4B-00C04F79EFBC}") = "SalesSystem.Reciever", "SalesSystem.Reciever\SalesSystem.Reciever.csproj", "{9CFD6704-0E1A-40C8-93EE-C4B93CA4B16E}"
EndProject
Global
	GlobalSection(SolutionConfigurationPlatforms) = preSolution
		Debug|Any CPU = Debug|Any CPU
		Release|Any CPU = Release|Any CPU
	EndGlobalSection
	GlobalSection(ProjectConfigurationPlatforms) = postSolution
		{ED39F916-2220-4D38-A1DA-2A55A7445E47}.Debug|Any CPU.ActiveCfg = Debug|Any CPU
		{ED39F916-2220-4D38-A1DA-2A55A7445E47}.Debug|Any CPU.Build.0 = Debug|Any CPU
		{ED39F916-2220-4D38-A1DA-2A55A7445E47}.Release|Any CPU.ActiveCfg = Release|Any CPU
		{ED39F916-2220-4D38-A1DA-2A55A7445E47}.Release|Any CPU.Build.0 = Release|Any CPU
		{40F69DFD-1BD5-4D94-B2C0-9FBF5A138B10}.Debug|Any CPU.ActiveCfg = Debug|Any CPU
		{40F69DFD-1BD5-4D94-B2C0-9FBF5A138B10}.Debug|Any CPU.Build.0 = Debug|Any CPU
		{40F69DFD-1BD5-4D94-B2C0-9FBF5A138B10}.Release|Any CPU.ActiveCfg = Release|Any CPU
		{40F69DFD-1BD5-4D94-B2C0-9FBF5A138B10}.Release|Any CPU.Build.0 = Release|Any CPU
		{0788F7C8-86FD-42BC-BC78-C6264F994586}.Debug|Any CPU.ActiveCfg = Debug|Any CPU
		{0788F7C8-86FD-42BC-BC78-C6264F994586}.Debug|Any CPU.Build.0 = Debug|Any CPU
		{0788F7C8-86FD-42BC-BC78-C6264F994586}.Release|Any CPU.ActiveCfg = Release|Any CPU
		{0788F7C8-86FD-42BC-BC78-C6264F994586}.Release|Any CPU.Build.0 = Release|Any CPU
		{9CFD6704-0E1A-40C8-93EE-C4B93CA4B16E}.Debug|Any CPU.ActiveCfg = Debug|Any CPU
		{9CFD6704-0E1A-40C8-93EE-C4B93CA4B16E}.Debug|Any CPU.Build.0 = Debug|Any CPU
		{9CFD6704-0E1A-40C8-93EE-C4B93CA4B16E}.Release|Any CPU.ActiveCfg = Release|Any CPU
		{9CFD6704-0E1A-40C8-93EE-C4B93CA4B16E}.Release|Any CPU.Build.0 = Release|Any CPU
	EndGlobalSection
	GlobalSection(SolutionProperties) = preSolution
		HideSolutionNode = FALSE
	EndGlobalSection
	GlobalSection(ExtensibilityGlobals) = postSolution
		SolutionGuid = {BD747CF8-37B3-4597-B842-F2C72C8AB07E}
	EndGlobalSection
EndGlobal
